
Microsoft Visual Studio Solution File, Format Version 12.00
# Visual Studio Version 16
VisualStudioVersion = 16.0.28803.202
MinimumVisualStudioVersion = 10.0.40219.1
Project("{FAE04EC0-301F-11D3-BF4B-00C04F79EFBC}") = "Novellus.UWP", "Novellus.UWP\Novellus.UWP.csproj", "{CD6C3173-3B12-4249-B7BD-C1E8DD0B96F5}"
EndProject
Project("{FAE04EC0-301F-11D3-BF4B-00C04F79EFBC}") = "Novellus.Android", "Novellus.Android\Novellus.Android.csproj", "{702B49E9-6546-4387-B987-2C28515B9858}"
EndProject
Project("{FAE04EC0-301F-11D3-BF4B-00C04F79EFBC}") = "Novellus.iOS", "Novellus.iOS\Novellus.iOS.csproj", "{53079E20-035C-4E4B-B63C-8065DCE33E5E}"
EndProject
Project("{9A19103F-16F7-4668-BE54-9A1E7A4F7556}") = "Novellus.Form", "Novellus.Form\Novellus.Form.csproj", "{46640EFC-5D42-4794-AF9B-9F33B99EEC17}"
EndProject
Project("{FAE04EC0-301F-11D3-BF4B-00C04F79EFBC}") = "Novellus.Mac", "Novellus.Mac\Novellus.Mac.csproj", "{5158B71C-1F6A-4889-9175-EBA00B209694}"
EndProject
Project("{9A19103F-16F7-4668-BE54-9A1E7A4F7556}") = "Novellus.FormTests", "Novellus.FormTests\Novellus.FormTests.csproj", "{E48A9422-B3BF-4929-B793-F3416F460FDD}"
EndProject
Project("{FAE04EC0-301F-11D3-BF4B-00C04F79EFBC}") = "Novellus.Core", "Novellus.Core\Novellus.Core.csproj", "{68AB2072-F171-4CAB-B03D-E9871ADE099D}"
EndProject
Global
	GlobalSection(SolutionConfigurationPlatforms) = preSolution
		Debug|Any CPU = Debug|Any CPU
		Debug|ARM = Debug|ARM
		Debug|iPhone = Debug|iPhone
		Debug|iPhoneSimulator = Debug|iPhoneSimulator
		Debug|x64 = Debug|x64
		Debug|x86 = Debug|x86
		Release|Any CPU = Release|Any CPU
		Release|ARM = Release|ARM
		Release|iPhone = Release|iPhone
		Release|iPhoneSimulator = Release|iPhoneSimulator
		Release|x64 = Release|x64
		Release|x86 = Release|x86
	EndGlobalSection
	GlobalSection(ProjectConfigurationPlatforms) = postSolution
		{CD6C3173-3B12-4249-B7BD-C1E8DD0B96F5}.Debug|Any CPU.ActiveCfg = Debug|x86
		{CD6C3173-3B12-4249-B7BD-C1E8DD0B96F5}.Debug|Any CPU.Build.0 = Debug|x86
		{CD6C3173-3B12-4249-B7BD-C1E8DD0B96F5}.Debug|Any CPU.Deploy.0 = Debug|x86
		{CD6C3173-3B12-4249-B7BD-C1E8DD0B96F5}.Debug|ARM.ActiveCfg = Debug|ARM
		{CD6C3173-3B12-4249-B7BD-C1E8DD0B96F5}.Debug|ARM.Build.0 = Debug|ARM
		{CD6C3173-3B12-4249-B7BD-C1E8DD0B96F5}.Debug|ARM.Deploy.0 = Debug|ARM
		{CD6C3173-3B12-4249-B7BD-C1E8DD0B96F5}.Debug|iPhone.ActiveCfg = Debug|x86
		{CD6C3173-3B12-4249-B7BD-C1E8DD0B96F5}.Debug|iPhone.Build.0 = Debug|x86
		{CD6C3173-3B12-4249-B7BD-C1E8DD0B96F5}.Debug|iPhone.Deploy.0 = Debug|x86
		{CD6C3173-3B12-4249-B7BD-C1E8DD0B96F5}.Debug|iPhoneSimulator.ActiveCfg = Debug|x86
		{CD6C3173-3B12-4249-B7BD-C1E8DD0B96F5}.Debug|iPhoneSimulator.Build.0 = Debug|x86
		{CD6C3173-3B12-4249-B7BD-C1E8DD0B96F5}.Debug|iPhoneSimulator.Deploy.0 = Debug|x86
		{CD6C3173-3B12-4249-B7BD-C1E8DD0B96F5}.Debug|x64.ActiveCfg = Debug|x64
		{CD6C3173-3B12-4249-B7BD-C1E8DD0B96F5}.Debug|x64.Build.0 = Debug|x64
		{CD6C3173-3B12-4249-B7BD-C1E8DD0B96F5}.Debug|x64.Deploy.0 = Debug|x64
		{CD6C3173-3B12-4249-B7BD-C1E8DD0B96F5}.Debug|x86.ActiveCfg = Debug|x86
		{CD6C3173-3B12-4249-B7BD-C1E8DD0B96F5}.Debug|x86.Build.0 = Debug|x86
		{CD6C3173-3B12-4249-B7BD-C1E8DD0B96F5}.Debug|x86.Deploy.0 = Debug|x86
		{CD6C3173-3B12-4249-B7BD-C1E8DD0B96F5}.Release|Any CPU.ActiveCfg = Release|x86
		{CD6C3173-3B12-4249-B7BD-C1E8DD0B96F5}.Release|Any CPU.Build.0 = Release|x86
		{CD6C3173-3B12-4249-B7BD-C1E8DD0B96F5}.Release|Any CPU.Deploy.0 = Release|x86
		{CD6C3173-3B12-4249-B7BD-C1E8DD0B96F5}.Release|ARM.ActiveCfg = Release|ARM
		{CD6C3173-3B12-4249-B7BD-C1E8DD0B96F5}.Release|ARM.Build.0 = Release|ARM
		{CD6C3173-3B12-4249-B7BD-C1E8DD0B96F5}.Release|ARM.Deploy.0 = Release|ARM
		{CD6C3173-3B12-4249-B7BD-C1E8DD0B96F5}.Release|iPhone.ActiveCfg = Release|x86
		{CD6C3173-3B12-4249-B7BD-C1E8DD0B96F5}.Release|iPhone.Build.0 = Release|x86
		{CD6C3173-3B12-4249-B7BD-C1E8DD0B96F5}.Release|iPhone.Deploy.0 = Release|x86
		{CD6C3173-3B12-4249-B7BD-C1E8DD0B96F5}.Release|iPhoneSimulator.ActiveCfg = Release|x86
		{CD6C3173-3B12-4249-B7BD-C1E8DD0B96F5}.Release|iPhoneSimulator.Build.0 = Release|x86
		{CD6C3173-3B12-4249-B7BD-C1E8DD0B96F5}.Release|iPhoneSimulator.Deploy.0 = Release|x86
		{CD6C3173-3B12-4249-B7BD-C1E8DD0B96F5}.Release|x64.ActiveCfg = Release|x64
		{CD6C3173-3B12-4249-B7BD-C1E8DD0B96F5}.Release|x64.Build.0 = Release|x64
		{CD6C3173-3B12-4249-B7BD-C1E8DD0B96F5}.Release|x64.Deploy.0 = Release|x64
		{CD6C3173-3B12-4249-B7BD-C1E8DD0B96F5}.Release|x86.ActiveCfg = Release|x86
		{CD6C3173-3B12-4249-B7BD-C1E8DD0B96F5}.Release|x86.Build.0 = Release|x86
		{CD6C3173-3B12-4249-B7BD-C1E8DD0B96F5}.Release|x86.Deploy.0 = Release|x86
		{702B49E9-6546-4387-B987-2C28515B9858}.Debug|Any CPU.ActiveCfg = Debug|Any CPU
		{702B49E9-6546-4387-B987-2C28515B9858}.Debug|Any CPU.Build.0 = Debug|Any CPU
		{702B49E9-6546-4387-B987-2C28515B9858}.Debug|Any CPU.Deploy.0 = Debug|Any CPU
		{702B49E9-6546-4387-B987-2C28515B9858}.Debug|ARM.ActiveCfg = Debug|Any CPU
		{702B49E9-6546-4387-B987-2C28515B9858}.Debug|ARM.Build.0 = Debug|Any CPU
		{702B49E9-6546-4387-B987-2C28515B9858}.Debug|ARM.Deploy.0 = Debug|Any CPU
		{702B49E9-6546-4387-B987-2C28515B9858}.Debug|iPhone.ActiveCfg = Debug|Any CPU
		{702B49E9-6546-4387-B987-2C28515B9858}.Debug|iPhone.Build.0 = Debug|Any CPU
		{702B49E9-6546-4387-B987-2C28515B9858}.Debug|iPhone.Deploy.0 = Debug|Any CPU
		{702B49E9-6546-4387-B987-2C28515B9858}.Debug|iPhoneSimulator.ActiveCfg = Debug|Any CPU
		{702B49E9-6546-4387-B987-2C28515B9858}.Debug|iPhoneSimulator.Build.0 = Debug|Any CPU
		{702B49E9-6546-4387-B987-2C28515B9858}.Debug|iPhoneSimulator.Deploy.0 = Debug|Any CPU
		{702B49E9-6546-4387-B987-2C28515B9858}.Debug|x64.ActiveCfg = Debug|Any CPU
		{702B49E9-6546-4387-B987-2C28515B9858}.Debug|x64.Build.0 = Debug|Any CPU
		{702B49E9-6546-4387-B987-2C28515B9858}.Debug|x64.Deploy.0 = Debug|Any CPU
		{702B49E9-6546-4387-B987-2C28515B9858}.Debug|x86.ActiveCfg = Debug|Any CPU
		{702B49E9-6546-4387-B987-2C28515B9858}.Debug|x86.Build.0 = Debug|Any CPU
		{702B49E9-6546-4387-B987-2C28515B9858}.Debug|x86.Deploy.0 = Debug|Any CPU
		{702B49E9-6546-4387-B987-2C28515B9858}.Release|Any CPU.ActiveCfg = Release|Any CPU
		{702B49E9-6546-4387-B987-2C28515B9858}.Release|Any CPU.Build.0 = Release|Any CPU
		{702B49E9-6546-4387-B987-2C28515B9858}.Release|Any CPU.Deploy.0 = Release|Any CPU
		{702B49E9-6546-4387-B987-2C28515B9858}.Release|ARM.ActiveCfg = Release|Any CPU
		{702B49E9-6546-4387-B987-2C28515B9858}.Release|ARM.Build.0 = Release|Any CPU
		{702B49E9-6546-4387-B987-2C28515B9858}.Release|ARM.Deploy.0 = Release|Any CPU
		{702B49E9-6546-4387-B987-2C28515B9858}.Release|iPhone.ActiveCfg = Release|Any CPU
		{702B49E9-6546-4387-B987-2C28515B9858}.Release|iPhone.Build.0 = Release|Any CPU
		{702B49E9-6546-4387-B987-2C28515B9858}.Release|iPhone.Deploy.0 = Release|Any CPU
		{702B49E9-6546-4387-B987-2C28515B9858}.Release|iPhoneSimulator.ActiveCfg = Release|Any CPU
		{702B49E9-6546-4387-B987-2C28515B9858}.Release|iPhoneSimulator.Build.0 = Release|Any CPU
		{702B49E9-6546-4387-B987-2C28515B9858}.Release|iPhoneSimulator.Deploy.0 = Release|Any CPU
		{702B49E9-6546-4387-B987-2C28515B9858}.Release|x64.ActiveCfg = Release|Any CPU
		{702B49E9-6546-4387-B987-2C28515B9858}.Release|x64.Build.0 = Release|Any CPU
		{702B49E9-6546-4387-B987-2C28515B9858}.Release|x64.Deploy.0 = Release|Any CPU
		{702B49E9-6546-4387-B987-2C28515B9858}.Release|x86.ActiveCfg = Release|Any CPU
		{702B49E9-6546-4387-B987-2C28515B9858}.Release|x86.Build.0 = Release|Any CPU
		{702B49E9-6546-4387-B987-2C28515B9858}.Release|x86.Deploy.0 = Release|Any CPU
		{53079E20-035C-4E4B-B63C-8065DCE33E5E}.Debug|Any CPU.ActiveCfg = Debug|iPhone
		{53079E20-035C-4E4B-B63C-8065DCE33E5E}.Debug|Any CPU.Build.0 = Debug|iPhone
		{53079E20-035C-4E4B-B63C-8065DCE33E5E}.Debug|Any CPU.Deploy.0 = Debug|iPhone
		{53079E20-035C-4E4B-B63C-8065DCE33E5E}.Debug|ARM.ActiveCfg = Debug|iPhoneSimulator
		{53079E20-035C-4E4B-B63C-8065DCE33E5E}.Debug|ARM.Build.0 = Debug|iPhoneSimulator
		{53079E20-035C-4E4B-B63C-8065DCE33E5E}.Debug|ARM.Deploy.0 = Debug|iPhoneSimulator
		{53079E20-035C-4E4B-B63C-8065DCE33E5E}.Debug|iPhone.ActiveCfg = Debug|iPhone
		{53079E20-035C-4E4B-B63C-8065DCE33E5E}.Debug|iPhone.Build.0 = Debug|iPhone
		{53079E20-035C-4E4B-B63C-8065DCE33E5E}.Debug|iPhone.Deploy.0 = Debug|iPhone
		{53079E20-035C-4E4B-B63C-8065DCE33E5E}.Debug|iPhoneSimulator.ActiveCfg = Debug|iPhoneSimulator
		{53079E20-035C-4E4B-B63C-8065DCE33E5E}.Debug|iPhoneSimulator.Build.0 = Debug|iPhoneSimulator
		{53079E20-035C-4E4B-B63C-8065DCE33E5E}.Debug|iPhoneSimulator.Deploy.0 = Debug|iPhoneSimulator
		{53079E20-035C-4E4B-B63C-8065DCE33E5E}.Debug|x64.ActiveCfg = Debug|iPhone
		{53079E20-035C-4E4B-B63C-8065DCE33E5E}.Debug|x64.Build.0 = Debug|iPhone
		{53079E20-035C-4E4B-B63C-8065DCE33E5E}.Debug|x64.Deploy.0 = Debug|iPhone
		{53079E20-035C-4E4B-B63C-8065DCE33E5E}.Debug|x86.ActiveCfg = Debug|iPhone
		{53079E20-035C-4E4B-B63C-8065DCE33E5E}.Debug|x86.Build.0 = Debug|iPhone
		{53079E20-035C-4E4B-B63C-8065DCE33E5E}.Debug|x86.Deploy.0 = Debug|iPhone
		{53079E20-035C-4E4B-B63C-8065DCE33E5E}.Release|Any CPU.ActiveCfg = Release|iPhone
		{53079E20-035C-4E4B-B63C-8065DCE33E5E}.Release|Any CPU.Build.0 = Release|iPhone
		{53079E20-035C-4E4B-B63C-8065DCE33E5E}.Release|Any CPU.Deploy.0 = Release|iPhone
		{53079E20-035C-4E4B-B63C-8065DCE33E5E}.Release|ARM.ActiveCfg = Release|iPhone
		{53079E20-035C-4E4B-B63C-8065DCE33E5E}.Release|ARM.Build.0 = Release|iPhone
		{53079E20-035C-4E4B-B63C-8065DCE33E5E}.Release|ARM.Deploy.0 = Release|iPhone
		{53079E20-035C-4E4B-B63C-8065DCE33E5E}.Release|iPhone.ActiveCfg = Release|iPhone
		{53079E20-035C-4E4B-B63C-8065DCE33E5E}.Release|iPhone.Build.0 = Release|iPhone
		{53079E20-035C-4E4B-B63C-8065DCE33E5E}.Release|iPhone.Deploy.0 = Release|iPhone
		{53079E20-035C-4E4B-B63C-8065DCE33E5E}.Release|iPhoneSimulator.ActiveCfg = Release|iPhoneSimulator
		{53079E20-035C-4E4B-B63C-8065DCE33E5E}.Release|iPhoneSimulator.Build.0 = Release|iPhoneSimulator
		{53079E20-035C-4E4B-B63C-8065DCE33E5E}.Release|iPhoneSimulator.Deploy.0 = Release|iPhoneSimulator
		{53079E20-035C-4E4B-B63C-8065DCE33E5E}.Release|x64.ActiveCfg = Release|iPhone
		{53079E20-035C-4E4B-B63C-8065DCE33E5E}.Release|x64.Build.0 = Release|iPhone
		{53079E20-035C-4E4B-B63C-8065DCE33E5E}.Release|x64.Deploy.0 = Release|iPhone
		{53079E20-035C-4E4B-B63C-8065DCE33E5E}.Release|x86.ActiveCfg = Release|iPhone
		{53079E20-035C-4E4B-B63C-8065DCE33E5E}.Release|x86.Build.0 = Release|iPhone
		{53079E20-035C-4E4B-B63C-8065DCE33E5E}.Release|x86.Deploy.0 = Release|iPhone
		{46640EFC-5D42-4794-AF9B-9F33B99EEC17}.Debug|Any CPU.ActiveCfg = Debug|Any CPU
		{46640EFC-5D42-4794-AF9B-9F33B99EEC17}.Debug|Any CPU.Build.0 = Debug|Any CPU
		{46640EFC-5D42-4794-AF9B-9F33B99EEC17}.Debug|Any CPU.Deploy.0 = Debug|Any CPU
		{46640EFC-5D42-4794-AF9B-9F33B99EEC17}.Debug|ARM.ActiveCfg = Debug|Any CPU
		{46640EFC-5D42-4794-AF9B-9F33B99EEC17}.Debug|ARM.Build.0 = Debug|Any CPU
		{46640EFC-5D42-4794-AF9B-9F33B99EEC17}.Debug|ARM.Deploy.0 = Debug|Any CPU
		{46640EFC-5D42-4794-AF9B-9F33B99EEC17}.Debug|iPhone.ActiveCfg = Debug|Any CPU
		{46640EFC-5D42-4794-AF9B-9F33B99EEC17}.Debug|iPhone.Build.0 = Debug|Any CPU
		{46640EFC-5D42-4794-AF9B-9F33B99EEC17}.Debug|iPhone.Deploy.0 = Debug|Any CPU
		{46640EFC-5D42-4794-AF9B-9F33B99EEC17}.Debug|iPhoneSimulator.ActiveCfg = Debug|Any CPU
		{46640EFC-5D42-4794-AF9B-9F33B99EEC17}.Debug|iPhoneSimulator.Build.0 = Debug|Any CPU
		{46640EFC-5D42-4794-AF9B-9F33B99EEC17}.Debug|iPhoneSimulator.Deploy.0 = Debug|Any CPU
		{46640EFC-5D42-4794-AF9B-9F33B99EEC17}.Debug|x64.ActiveCfg = Debug|Any CPU
		{46640EFC-5D42-4794-AF9B-9F33B99EEC17}.Debug|x64.Build.0 = Debug|Any CPU
		{46640EFC-5D42-4794-AF9B-9F33B99EEC17}.Debug|x64.Deploy.0 = Debug|Any CPU
		{46640EFC-5D42-4794-AF9B-9F33B99EEC17}.Debug|x86.ActiveCfg = Debug|Any CPU
		{46640EFC-5D42-4794-AF9B-9F33B99EEC17}.Debug|x86.Build.0 = Debug|Any CPU
		{46640EFC-5D42-4794-AF9B-9F33B99EEC17}.Debug|x86.Deploy.0 = Debug|Any CPU
		{46640EFC-5D42-4794-AF9B-9F33B99EEC17}.Release|Any CPU.ActiveCfg = Release|Any CPU
		{46640EFC-5D42-4794-AF9B-9F33B99EEC17}.Release|Any CPU.Build.0 = Release|Any CPU
		{46640EFC-5D42-4794-AF9B-9F33B99EEC17}.Release|Any CPU.Deploy.0 = Release|Any CPU
		{46640EFC-5D42-4794-AF9B-9F33B99EEC17}.Release|ARM.ActiveCfg = Release|Any CPU
		{46640EFC-5D42-4794-AF9B-9F33B99EEC17}.Release|ARM.Build.0 = Release|Any CPU
		{46640EFC-5D42-4794-AF9B-9F33B99EEC17}.Release|ARM.Deploy.0 = Release|Any CPU
		{46640EFC-5D42-4794-AF9B-9F33B99EEC17}.Release|iPhone.ActiveCfg = Release|Any CPU
		{46640EFC-5D42-4794-AF9B-9F33B99EEC17}.Release|iPhone.Build.0 = Release|Any CPU
		{46640EFC-5D42-4794-AF9B-9F33B99EEC17}.Release|iPhone.Deploy.0 = Release|Any CPU
		{46640EFC-5D42-4794-AF9B-9F33B99EEC17}.Release|iPhoneSimulator.ActiveCfg = Release|Any CPU
		{46640EFC-5D42-4794-AF9B-9F33B99EEC17}.Release|iPhoneSimulator.Build.0 = Release|Any CPU
		{46640EFC-5D42-4794-AF9B-9F33B99EEC17}.Release|iPhoneSimulator.Deploy.0 = Release|Any CPU
		{46640EFC-5D42-4794-AF9B-9F33B99EEC17}.Release|x64.ActiveCfg = Release|Any CPU
		{46640EFC-5D42-4794-AF9B-9F33B99EEC17}.Release|x64.Build.0 = Release|Any CPU
		{46640EFC-5D42-4794-AF9B-9F33B99EEC17}.Release|x64.Deploy.0 = Release|Any CPU
		{46640EFC-5D42-4794-AF9B-9F33B99EEC17}.Release|x86.ActiveCfg = Release|Any CPU
		{46640EFC-5D42-4794-AF9B-9F33B99EEC17}.Release|x86.Build.0 = Release|Any CPU
		{46640EFC-5D42-4794-AF9B-9F33B99EEC17}.Release|x86.Deploy.0 = Release|Any CPU
		{5158B71C-1F6A-4889-9175-EBA00B209694}.Debug|Any CPU.ActiveCfg = Debug|Any CPU
		{5158B71C-1F6A-4889-9175-EBA00B209694}.Debug|Any CPU.Build.0 = Debug|Any CPU
		{5158B71C-1F6A-4889-9175-EBA00B209694}.Debug|ARM.ActiveCfg = Debug|Any CPU
		{5158B71C-1F6A-4889-9175-EBA00B209694}.Debug|ARM.Build.0 = Debug|Any CPU
		{5158B71C-1F6A-4889-9175-EBA00B209694}.Debug|iPhone.ActiveCfg = Debug|Any CPU
		{5158B71C-1F6A-4889-9175-EBA00B209694}.Debug|iPhone.Build.0 = Debug|Any CPU
		{5158B71C-1F6A-4889-9175-EBA00B209694}.Debug|iPhoneSimulator.ActiveCfg = Debug|Any CPU
		{5158B71C-1F6A-4889-9175-EBA00B209694}.Debug|iPhoneSimulator.Build.0 = Debug|Any CPU
		{5158B71C-1F6A-4889-9175-EBA00B209694}.Debug|x64.ActiveCfg = Debug|Any CPU
		{5158B71C-1F6A-4889-9175-EBA00B209694}.Debug|x64.Build.0 = Debug|Any CPU
		{5158B71C-1F6A-4889-9175-EBA00B209694}.Debug|x86.ActiveCfg = Debug|Any CPU
		{5158B71C-1F6A-4889-9175-EBA00B209694}.Debug|x86.Build.0 = Debug|Any CPU
		{5158B71C-1F6A-4889-9175-EBA00B209694}.Release|Any CPU.ActiveCfg = Release|Any CPU
		{5158B71C-1F6A-4889-9175-EBA00B209694}.Release|Any CPU.Build.0 = Release|Any CPU
		{5158B71C-1F6A-4889-9175-EBA00B209694}.Release|ARM.ActiveCfg = Release|Any CPU
		{5158B71C-1F6A-4889-9175-EBA00B209694}.Release|ARM.Build.0 = Release|Any CPU
		{5158B71C-1F6A-4889-9175-EBA00B209694}.Release|iPhone.ActiveCfg = Release|Any CPU
		{5158B71C-1F6A-4889-9175-EBA00B209694}.Release|iPhone.Build.0 = Release|Any CPU
		{5158B71C-1F6A-4889-9175-EBA00B209694}.Release|iPhoneSimulator.ActiveCfg = Release|Any CPU
		{5158B71C-1F6A-4889-9175-EBA00B209694}.Release|iPhoneSimulator.Build.0 = Release|Any CPU
		{5158B71C-1F6A-4889-9175-EBA00B209694}.Release|x64.ActiveCfg = Release|Any CPU
		{5158B71C-1F6A-4889-9175-EBA00B209694}.Release|x64.Build.0 = Release|Any CPU
		{5158B71C-1F6A-4889-9175-EBA00B209694}.Release|x86.ActiveCfg = Release|Any CPU
		{5158B71C-1F6A-4889-9175-EBA00B209694}.Release|x86.Build.0 = Release|Any CPU
		{E48A9422-B3BF-4929-B793-F3416F460FDD}.Debug|Any CPU.ActiveCfg = Debug|Any CPU
		{E48A9422-B3BF-4929-B793-F3416F460FDD}.Debug|Any CPU.Build.0 = Debug|Any CPU
		{E48A9422-B3BF-4929-B793-F3416F460FDD}.Debug|ARM.ActiveCfg = Debug|Any CPU
		{E48A9422-B3BF-4929-B793-F3416F460FDD}.Debug|ARM.Build.0 = Debug|Any CPU
		{E48A9422-B3BF-4929-B793-F3416F460FDD}.Debug|iPhone.ActiveCfg = Debug|Any CPU
		{E48A9422-B3BF-4929-B793-F3416F460FDD}.Debug|iPhone.Build.0 = Debug|Any CPU
		{E48A9422-B3BF-4929-B793-F3416F460FDD}.Debug|iPhoneSimulator.ActiveCfg = Debug|Any CPU
		{E48A9422-B3BF-4929-B793-F3416F460FDD}.Debug|iPhoneSimulator.Build.0 = Debug|Any CPU
		{E48A9422-B3BF-4929-B793-F3416F460FDD}.Debug|x64.ActiveCfg = Debug|Any CPU
		{E48A9422-B3BF-4929-B793-F3416F460FDD}.Debug|x64.Build.0 = Debug|Any CPU
		{E48A9422-B3BF-4929-B793-F3416F460FDD}.Debug|x86.ActiveCfg = Debug|Any CPU
		{E48A9422-B3BF-4929-B793-F3416F460FDD}.Debug|x86.Build.0 = Debug|Any CPU
		{E48A9422-B3BF-4929-B793-F3416F460FDD}.Release|Any CPU.ActiveCfg = Release|Any CPU
		{E48A9422-B3BF-4929-B793-F3416F460FDD}.Release|Any CPU.Build.0 = Release|Any CPU
		{E48A9422-B3BF-4929-B793-F3416F460FDD}.Release|ARM.ActiveCfg = Release|Any CPU
		{E48A9422-B3BF-4929-B793-F3416F460FDD}.Release|ARM.Build.0 = Release|Any CPU
		{E48A9422-B3BF-4929-B793-F3416F460FDD}.Release|iPhone.ActiveCfg = Release|Any CPU
		{E48A9422-B3BF-4929-B793-F3416F460FDD}.Release|iPhone.Build.0 = Release|Any CPU
		{E48A9422-B3BF-4929-B793-F3416F460FDD}.Release|iPhoneSimulator.ActiveCfg = Release|Any CPU
		{E48A9422-B3BF-4929-B793-F3416F460FDD}.Release|iPhoneSimulator.Build.0 = Release|Any CPU
		{E48A9422-B3BF-4929-B793-F3416F460FDD}.Release|x64.ActiveCfg = Release|Any CPU
		{E48A9422-B3BF-4929-B793-F3416F460FDD}.Release|x64.Build.0 = Release|Any CPU
		{E48A9422-B3BF-4929-B793-F3416F460FDD}.Release|x86.ActiveCfg = Release|Any CPU
		{E48A9422-B3BF-4929-B793-F3416F460FDD}.Release|x86.Build.0 = Release|Any CPU
		{68AB2072-F171-4CAB-B03D-E9871ADE099D}.Debug|Any CPU.ActiveCfg = Debug|Any CPU
		{68AB2072-F171-4CAB-B03D-E9871ADE099D}.Debug|Any CPU.Build.0 = Debug|Any CPU
		{68AB2072-F171-4CAB-B03D-E9871ADE099D}.Debug|ARM.ActiveCfg = Debug|Any CPU
		{68AB2072-F171-4CAB-B03D-E9871ADE099D}.Debug|ARM.Build.0 = Debug|Any CPU
		{68AB2072-F171-4CAB-B03D-E9871ADE099D}.Debug|iPhone.ActiveCfg = Debug|Any CPU
		{68AB2072-F171-4CAB-B03D-E9871ADE099D}.Debug|iPhone.Build.0 = Debug|Any CPU
		{68AB2072-F171-4CAB-B03D-E9871ADE099D}.Debug|iPhoneSimulator.ActiveCfg = Debug|Any CPU
		{68AB2072-F171-4CAB-B03D-E9871ADE099D}.Debug|iPhoneSimulator.Build.0 = Debug|Any CPU
		{68AB2072-F171-4CAB-B03D-E9871ADE099D}.Debug|x64.ActiveCfg = Debug|Any CPU
		{68AB2072-F171-4CAB-B03D-E9871ADE099D}.Debug|x64.Build.0 = Debug|Any CPU
		{68AB2072-F171-4CAB-B03D-E9871ADE099D}.Debug|x86.ActiveCfg = Debug|Any CPU
		{68AB2072-F171-4CAB-B03D-E9871ADE099D}.Debug|x86.Build.0 = Debug|Any CPU
		{68AB2072-F171-4CAB-B03D-E9871ADE099D}.Release|Any CPU.ActiveCfg = Release|Any CPU
		{68AB2072-F171-4CAB-B03D-E9871ADE099D}.Release|Any CPU.Build.0 = Release|Any CPU
		{68AB2072-F171-4CAB-B03D-E9871ADE099D}.Release|ARM.ActiveCfg = Release|Any CPU
		{68AB2072-F171-4CAB-B03D-E9871ADE099D}.Release|ARM.Build.0 = Release|Any CPU
		{68AB2072-F171-4CAB-B03D-E9871ADE099D}.Release|iPhone.ActiveCfg = Release|Any CPU
		{68AB2072-F171-4CAB-B03D-E9871ADE099D}.Release|iPhone.Build.0 = Release|Any CPU
		{68AB2072-F171-4CAB-B03D-E9871ADE099D}.Release|iPhoneSimulator.ActiveCfg = Release|Any CPU
		{68AB2072-F171-4CAB-B03D-E9871ADE099D}.Release|iPhoneSimulator.Build.0 = Release|Any CPU
		{68AB2072-F171-4CAB-B03D-E9871ADE099D}.Release|x64.ActiveCfg = Release|Any CPU
		{68AB2072-F171-4CAB-B03D-E9871ADE099D}.Release|x64.Build.0 = Release|Any CPU
		{68AB2072-F171-4CAB-B03D-E9871ADE099D}.Release|x86.ActiveCfg = Release|Any CPU
		{68AB2072-F171-4CAB-B03D-E9871ADE099D}.Release|x86.Build.0 = Release|Any CPU
	EndGlobalSection
	GlobalSection(SolutionProperties) = preSolution
		HideSolutionNode = FALSE
	EndGlobalSection
	GlobalSection(ExtensibilityGlobals) = postSolution
		SolutionGuid = {7F7F1FF5-47F8-4F08-AAEB-DD7AC639A39B}
	EndGlobalSection
EndGlobal
